
Microsoft Visual Studio Solution File, Format Version 12.00
Project("{FAE04EC0-301F-11D3-BF4B-00C04F79EFBC}") = "labb1.1", "labb1.1\labb1.1.csproj", "{A5D7F214-84DC-4872-9CC0-8310BBB7B802}"
EndProject
Global
	GlobalSection(SolutionConfigurationPlatforms) = preSolution
		Debug|Any CPU = Debug|Any CPU
		Release|Any CPU = Release|Any CPU
	EndGlobalSection
	GlobalSection(ProjectConfigurationPlatforms) = postSolution
		{A5D7F214-84DC-4872-9CC0-8310BBB7B802}.Debug|Any CPU.ActiveCfg = Debug|Any CPU
		{A5D7F214-84DC-4872-9CC0-8310BBB7B802}.Debug|Any CPU.Build.0 = Debug|Any CPU
		{A5D7F214-84DC-4872-9CC0-8310BBB7B802}.Release|Any CPU.ActiveCfg = Release|Any CPU
		{A5D7F214-84DC-4872-9CC0-8310BBB7B802}.Release|Any CPU.Build.0 = Release|Any CPU
	EndGlobalSection
EndGlobal
